github.com/adrg/strutil v0.3.0 h1:bi/HB2zQbDihC8lxvATDTDzkT4bG7PATtVnDYp5rvq4=
github.com/adrg/strutil v0.3.0/go.mod h1:Jz0wzBVE6Uiy9wxo62YEqEY1Nwto3QlLl1Il5gkLKWU=
github.com/cpuguy83/go-md2man/v2 v2.0.2 h1:p1EgwI/C7NhT0JmVkwCD2ZBK8j4aeHQX2pMHHBfMQ6w=
github.com/cpuguy83/go-md2man/v2 v2.0.2/go.mod h1:tgQtvFlXSQOSOSIRvRPT7W67SCa46tRHOmNcaadrF8o=
github.com/davecgh/go-spew v1.1.0/go.mod h1:J7Y8YcW2NihsgmVo/mv3lAwl/skON4iLHjSsI+c5H38=
github.com/davecgh/go-spew v1.1.1 h1:vj9j/u1bqnvCEfJOwUhtlOARqs3+rkHYY13jYWTU97c=
github.com/davecgh/go-spew v1.1.1/go.mod h1:J7Y8YcW2NihsgmVo/mv3lAwl/skON4iLHjSsI+c5H38=
github.com/flopp/go-coordsparser v0.0.0-20201115094714-8baaeb7062d5 h1:o5yuyiGtJ4c9ECOq12K6EqsQNnsGF6I+WqBZynB2Hlw=
github.com/flopp/go-coordsparser v0.0.0-20201115094714-8baaeb7062d5/go.mod h1:t5EAdR9sDhKR06Ix2ZS/8jt8INpzeV3P5uVyEkCDYJc=
github.com/google/go-cmp v0.5.9/go.mod h1:17dUlkBOakJ0+DkrSSNjCkIjxS6bF9zb3elmeNGIjoY=
github.com/google/go-cmp v0.6.0 h1:ofyhxvXcZhMsU5ulbFiLKl/XBFqE1GSq7atu8tAmTRI=
github.com/google/go-cmp v0.6.0/go.mod h1:17dUlkBOakJ0+DkrSSNjCkIjxS6bF9zb3elmeNGIjoY=
github.com/gosimple/slug v1.13.1 h1:bQ+kpX9Qa6tHRaK+fZR0A0M2Kd7Pa5eHPPsb1JpHD+Q=
github.com/gosimple/slug v1.13.1/go.mod h1:UiRaFH+GEilHstLUmcBgWcI42viBN7mAb818JrYOeFQ=
github.com/gosimple/unidecode v1.0.1 h1:hZzFTMMqSswvf0LBJZCZgThIZrpDHFXux9KeGmn6T/o=
github.com/gosimple/unidecode v1.0.1/go.mod h1:CP0Cr1Y1kogOtx0bJblKzsVWrqYaqfNOnHzpgWw4Awc=
github.com/iand/gdate v0.1.13 h1:AABO1G/GqtipAoKlerrQk38/E0Gnl91T+zHyyXf2Do0=
github.com/iand/gdate v0.1.13/go.mod h1:gWmj56Xm4kIq0wAEWdozev3DMarjGHZhBmmSQZyUEu8=
github.com/iand/gedcom v0.2.0 h1:Qufy2o8s8pEnT3/zmK77BsNAyUzk1Bvs73loLd2F7Nw=
github.com/iand/gedcom v0.2.0/go.mod h1:lFm0mb9/3PECJ7luNcJC+CAlnRhKUSAHHQBHtA2oQPk=
github.com/iand/grampsxml v0.0.2 h1:4UfT5Ubx8KHH6N8ERXLm317F0ppIwEFSTGib6AyqYZI=
github.com/iand/grampsxml v0.0.2/go.mod h1:5beuiRbfL4ocjosmbrqATIBEyTpKwh4R8LvXXoqC39g=
github.com/iand/gtree v0.0.0-20240416134904-ca666f06677c h1:lpDeb6SZT9SdNuo3hfiGb5X03h7+jBnE3zY75avvu08=
github.com/iand/gtree v0.0.0-20240416134904-ca666f06677c/go.mod h1:UpXWyCD16S0cqtnGVtdgYIZS/raqsotR5LDD/bC1DAc=
github.com/iand/pontium v0.3.14 h1:lf9U9Ja9mgSBJcdILXvpOyt4fGAvQk+JnxV4vNr6H2Q=
github.com/iand/pontium v0.3.14/go.mod h1:td16cRCmy7Zr2jkgcafvf1JybYUJ3+o4ylNIMp9zLYU=
github.com/kortschak/utter v1.5.0 h1:1vHGHPZmJ6zU5XbfllIAG3eQBoHT97ePrZJ+pT3RoiQ=
github.com/kortschak/utter v1.5.0/go.mod h1:vSmSjbyrlKjjsL71193LmzBOKgwePk9DH6uFaWHIInc=
github.com/pmezard/go-difflib v1.0.0 h1:4DBwDE0NGyQoBHbLQYPwSUPoCMWR5BEzIk/f1lZbAQM=
github.com/pmezard/go-difflib v1.0.0/go.mod h1:iKH77koFhYxTK1pcRnkKkqfTogsbg7gZNVY4sRDYZ/4=
github.com/russross/blackfriday/v2 v2.1.0 h1:JIOH55/0cWyOuilr9/qlrm0BSXldqnqwMsf35Ld67mk=
github.com/russross/blackfriday/v2 v2.1.0/go.mod h1:+Rmxgy9KzJVeS9/2gXHxylqXiyQDYRxCVz55jmeOWTM=
github.com/stretchr/objx v0.1.0/go.mod h1:HFkY916IF+rwdDfMAkV7OtwuqBVzrE8GR6GFx+wExME=
github.com/stretchr/objx v0.4.0/go.mod h1:YvHI0jy2hoMjB+UWwv71VJQ9isScKT/TqJzVSSt89Yw=
github.com/stretchr/testify v1.7.1/go.mod h1:6Fq8oRcR53rry900zMqJjRRixrwX3KX962/h/Wwjteg=
github.com/stretchr/testify v1.7.3 h1:dAm0YRdRQlWojc3CrCRgPBzG5f941d0zvAKu7qY4e+I=
github.com/stretchr/testify v1.7.3/go.mod h1:yNjHg4UonilssWZ8iaSj1OCr/vHnekPRkoO+kdMU+MU=
github.com/urfave/cli/v2 v2.24.4 h1:0gyJJEBYtCV87zI/x2nZCPyDxD51K6xM8SkwjHFCNEU=
github.com/urfave/cli/v2 v2.24.4/go.mod h1:GHupkWPMM0M/sj1a2b4wUrWBPzazNrIjouW6fmdJLxc=
github.com/xrash/smetrics v0.0.0-20201216005158-039620a65673 h1:bAn7/zixMGCfxrRTfdpNzjtPYqr8smhKouy9mxVdGPU=
github.com/xrash/smetrics v0.0.0-20201216005158-039620a65673/go.mod h1:N3UwUGtsrSj3ccvlPHLoLsHnpR27oXr4ZE984MbSER8=
github.com/yuin/goldmark v1.7.4 h1:BDXOHExt+A7gwPCJgPIIq7ENvceR7we7rOS9TNoLZeg=
github.com/yuin/goldmark v1.7.4/go.mod h1:uzxRWxtg69N339t3louHJ7+O03ezfj6PlliRlaOzY1E=
golang.org/x/exp v0.0.0-20230522175609-2e198f4a06a1 h1:k/i9J1pBpvlfR+9QsetwPyERsqu1GIbi967PQMq3Ivc=
golang.org/x/exp v0.0.0-20230522175609-2e198f4a06a1/go.mod h1:V1LtkGg67GoY2N1AnLN78QLrzxkLyJw7RJb1gzOOz9w=
gopkg.in/check.v1 v0.0.0-20161208181325-20d25e280405/go.mod h1:Co6ibVJAznAaIkqp8huTwlJQCZ016jof/cbN4VW5Yz0=
gopkg.in/yaml.v3 v3.0.0-20200313102051-9f266ea9e77c/go.mod h1:K4uyk7z7BCEPqu6E+C64Yfv1cQ7kz7rIZviUmN+EgEM=
gopkg.in/yaml.v3 v3.0.1 h1:fxVm/GzAzEWqLHuvctI91KS9hhNmmWOoWu0XTYJS7CA=
gopkg.in/yaml.v3 v3.0.1/go.mod h1:K4uyk7z7BCEPqu6E+C64Yfv1cQ7kz7rIZviUmN+EgEM=
